
Microsoft Visual Studio Solution File, Format Version 12.00
# Visual Studio 15
VisualStudioVersion = 15.0.28010.2050
MinimumVisualStudioVersion = 10.0.40219.1
Project("{FAE04EC0-301F-11D3-BF4B-00C04F79EFBC}") = "WebApp", "WebApp\WebApp.csproj", "{3E822F9B-67FC-41DE-9A17-7E01458C25A6}"
EndProject
Project("{2150E333-8FDC-42A3-9474-1A3956D46DE8}") = "src", "src", "{2F4B15F5-1AE5-43B7-BE9D-FE9E070EE01A}"
EndProject
Project("{2150E333-8FDC-42A3-9474-1A3956D46DE8}") = "Domain", "Domain", "{7D7EF7E8-545D-4038-A500-E21D7E92E5BA}"
EndProject
Project("{FAE04EC0-301F-11D3-BF4B-00C04F79EFBC}") = "CoreInterfaces", "CoreInterfaces\CoreInterfaces.csproj", "{B42CF16A-19BE-44FB-A41A-2AC02601BC8C}"
EndProject
Project("{FAE04EC0-301F-11D3-BF4B-00C04F79EFBC}") = "Core", "Core\Core.csproj", "{525A6443-FD37-48E3-802C-2B80647290DB}"
EndProject
Global
	GlobalSection(SolutionConfigurationPlatforms) = preSolution
		Debug|Any CPU = Debug|Any CPU
		Release|Any CPU = Release|Any CPU
	EndGlobalSection
	GlobalSection(ProjectConfigurationPlatforms) = postSolution
		{3E822F9B-67FC-41DE-9A17-7E01458C25A6}.Debug|Any CPU.ActiveCfg = Debug|Any CPU
		{3E822F9B-67FC-41DE-9A17-7E01458C25A6}.Debug|Any CPU.Build.0 = Debug|Any CPU
		{3E822F9B-67FC-41DE-9A17-7E01458C25A6}.Release|Any CPU.ActiveCfg = Release|Any CPU
		{3E822F9B-67FC-41DE-9A17-7E01458C25A6}.Release|Any CPU.Build.0 = Release|Any CPU
		{B42CF16A-19BE-44FB-A41A-2AC02601BC8C}.Debug|Any CPU.ActiveCfg = Debug|Any CPU
		{B42CF16A-19BE-44FB-A41A-2AC02601BC8C}.Debug|Any CPU.Build.0 = Debug|Any CPU
		{B42CF16A-19BE-44FB-A41A-2AC02601BC8C}.Release|Any CPU.ActiveCfg = Release|Any CPU
		{B42CF16A-19BE-44FB-A41A-2AC02601BC8C}.Release|Any CPU.Build.0 = Release|Any CPU
		{525A6443-FD37-48E3-802C-2B80647290DB}.Debug|Any CPU.ActiveCfg = Debug|Any CPU
		{525A6443-FD37-48E3-802C-2B80647290DB}.Debug|Any CPU.Build.0 = Debug|Any CPU
		{525A6443-FD37-48E3-802C-2B80647290DB}.Release|Any CPU.ActiveCfg = Release|Any CPU
		{525A6443-FD37-48E3-802C-2B80647290DB}.Release|Any CPU.Build.0 = Release|Any CPU
	EndGlobalSection
	GlobalSection(SolutionProperties) = preSolution
		HideSolutionNode = FALSE
	EndGlobalSection
	GlobalSection(NestedProjects) = preSolution
		{7D7EF7E8-545D-4038-A500-E21D7E92E5BA} = {2F4B15F5-1AE5-43B7-BE9D-FE9E070EE01A}
		{B42CF16A-19BE-44FB-A41A-2AC02601BC8C} = {7D7EF7E8-545D-4038-A500-E21D7E92E5BA}
		{525A6443-FD37-48E3-802C-2B80647290DB} = {7D7EF7E8-545D-4038-A500-E21D7E92E5BA}
	EndGlobalSection
	GlobalSection(ExtensibilityGlobals) = postSolution
		SolutionGuid = {AF40537A-0B87-450B-A222-FCD7C8C7EFFE}
	EndGlobalSection
EndGlobal
